// !$*UTF8*$!
{
	archiveVersion = 1;
	classes = {
	};
	objectVersion = 46;
	objects = {

/* Begin PBXBuildFile section */
		531B191A1E562EC000F530FA /* Logger.cpp in Sources */ = {isa = PBXBuildFile; fileRef = 531B19181E562EC000F530FA /* Logger.cpp */; };
		533AE4E11E3CE896008910D4 /* main.cpp in Sources */ = {isa = PBXBuildFile; fileRef = 533AE4E01E3CE896008910D4 /* main.cpp */; };
		533AE5021E3FB58B008910D4 /* linenoise.c in Sources */ = {isa = PBXBuildFile; fileRef = 533AE4FC1E3FB180008910D4 /* linenoise.c */; };
		535FF2581E4117FB00EF0E51 /* quickbasic.lpp in Sources */ = {isa = PBXBuildFile; fileRef = 535FF2571E4117FB00EF0E51 /* quickbasic.lpp */; };
		535FF25D1E42EA2600EF0E51 /* StepProcessor.cpp in Sources */ = {isa = PBXBuildFile; fileRef = 535FF25B1E42EA2600EF0E51 /* StepProcessor.cpp */; };
		5362BDCD1E52BA7600A95798 /* ForStepProcessor.cpp in Sources */ = {isa = PBXBuildFile; fileRef = 5362BDCB1E52BA7600A95798 /* ForStepProcessor.cpp */; };
		536373491E74859E0079B2EF /* IfStepProccessor.cpp in Sources */ = {isa = PBXBuildFile; fileRef = 536373471E74859E0079B2EF /* IfStepProccessor.cpp */; };
		5363734C1E751CCD0079B2EF /* StatementHistory.cpp in Sources */ = {isa = PBXBuildFile; fileRef = 5363734A1E751CCD0079B2EF /* StatementHistory.cpp */; };
		536578741E50F0D100A561D9 /* AST.cpp in Sources */ = {isa = PBXBuildFile; fileRef = 536578721E50F0D100A561D9 /* AST.cpp */; };
		536578771E50F53D00A561D9 /* ParserWrapper.cpp in Sources */ = {isa = PBXBuildFile; fileRef = 536578751E50F53D00A561D9 /* ParserWrapper.cpp */; };
		53A1E3EF1E4503CC0071C220 /* quickbasic.ypp in Sources */ = {isa = PBXBuildFile; fileRef = 53A1E3EE1E4503CC0071C220 /* quickbasic.ypp */; };
		53A1E3F21E4504870071C220 /* lineHistory.cpp in Sources */ = {isa = PBXBuildFile; fileRef = 53A1E3F01E4504870071C220 /* lineHistory.cpp */; };
		53A1E3F51E45A0010071C220 /* BasicStepProccessor.cpp in Sources */ = {isa = PBXBuildFile; fileRef = 53A1E3F31E45A0010071C220 /* BasicStepProccessor.cpp */; };
		53CB858A1E3FC04300E44564 /* Rebuild.cpp in Sources */ = {isa = PBXBuildFile; fileRef = 53CB85881E3FC04300E44564 /* Rebuild.cpp */; };
		53CB858D1E403E8500E44564 /* lineNoiseWrapper.cpp in Sources */ = {isa = PBXBuildFile; fileRef = 53CB858B1E403E8500E44564 /* lineNoiseWrapper.cpp */; };
/* End PBXBuildFile section */

/* Begin PBXCopyFilesBuildPhase section */
		533AE4DB1E3CE895008910D4 /* CopyFiles */ = {
			isa = PBXCopyFilesBuildPhase;
			buildActionMask = 2147483647;
			dstPath = /usr/share/man/man1/;
			dstSubfolderSpec = 0;
			files = (
			);
			runOnlyForDeploymentPostprocessing = 1;
		};
/* End PBXCopyFilesBuildPhase section */

/* Begin PBXFileReference section */
		531B19181E562EC000F530FA /* Logger.cpp */ = {isa = PBXFileReference; fileEncoding = 4; lastKnownFileType = sourcecode.cpp.cpp; path = Logger.cpp; sourceTree = "<group>"; };
		531B19191E562EC000F530FA /* Logger.hpp */ = {isa = PBXFileReference; fileEncoding = 4; lastKnownFileType = sourcecode.cpp.h; path = Logger.hpp; sourceTree = "<group>"; };
		531C06011E786ABB00CFCBFF /* access.hpp */ = {isa = PBXFileReference; lastKnownFileType = sourcecode.cpp.h; path = access.hpp; sourceTree = "<group>"; };
		531C06031E786ABB00CFCBFF /* adapters.hpp */ = {isa = PBXFileReference; lastKnownFileType = sourcecode.cpp.h; path = adapters.hpp; sourceTree = "<group>"; };
		531C06041E786ABB00CFCBFF /* binary.hpp */ = {isa = PBXFileReference; lastKnownFileType = sourcecode.cpp.h; path = binary.hpp; sourceTree = "<group>"; };
		531C06051E786ABB00CFCBFF /* json.hpp */ = {isa = PBXFileReference; lastKnownFileType = sourcecode.cpp.h; path = json.hpp; sourceTree = "<group>"; };
		531C06061E786ABB00CFCBFF /* portable_binary.hpp */ = {isa = PBXFileReference; lastKnownFileType = sourcecode.cpp.h; path = portable_binary.hpp; sourceTree = "<group>"; };
		531C06071E786ABB00CFCBFF /* xml.hpp */ = {isa = PBXFileReference; lastKnownFileType = sourcecode.cpp.h; path = xml.hpp; sourceTree = "<group>"; };
		531C06081E786ABB00CFCBFF /* cereal.hpp */ = {isa = PBXFileReference; lastKnownFileType = sourcecode.cpp.h; path = cereal.hpp; sourceTree = "<group>"; };
		531C060A1E786ABB00CFCBFF /* helpers.hpp */ = {isa = PBXFileReference; lastKnownFileType = sourcecode.cpp.h; path = helpers.hpp; sourceTree = "<group>"; };
		531C060B1E786ABB00CFCBFF /* polymorphic_impl.hpp */ = {isa = PBXFileReference; lastKnownFileType = sourcecode.cpp.h; path = polymorphic_impl.hpp; sourceTree = "<group>"; };
		531C060C1E786ABB00CFCBFF /* polymorphic_impl_fwd.hpp */ = {isa = PBXFileReference; lastKnownFileType = sourcecode.cpp.h; path = polymorphic_impl_fwd.hpp; sourceTree = "<group>"; };
		531C060D1E786ABB00CFCBFF /* static_object.hpp */ = {isa = PBXFileReference; lastKnownFileType = sourcecode.cpp.h; path = static_object.hpp; sourceTree = "<group>"; };
		531C060E1E786ABB00CFCBFF /* traits.hpp */ = {isa = PBXFileReference; lastKnownFileType = sourcecode.cpp.h; path = traits.hpp; sourceTree = "<group>"; };
		531C060F1E786ABB00CFCBFF /* util.hpp */ = {isa = PBXFileReference; lastKnownFileType = sourcecode.cpp.h; path = util.hpp; sourceTree = "<group>"; };
		531C06111E786ABB00CFCBFF /* base64.hpp */ = {isa = PBXFileReference; lastKnownFileType = sourcecode.cpp.h; path = base64.hpp; sourceTree = "<group>"; };
		531C06131E786ABB00CFCBFF /* allocators.h */ = {isa = PBXFileReference; lastKnownFileType = sourcecode.c.h; path = allocators.h; sourceTree = "<group>"; };
		531C06141E786ABB00CFCBFF /* document.h */ = {isa = PBXFileReference; lastKnownFileType = sourcecode.c.h; path = document.h; sourceTree = "<group>"; };
		531C06151E786ABB00CFCBFF /* encodedstream.h */ = {isa = PBXFileReference; lastKnownFileType = sourcecode.c.h; path = encodedstream.h; sourceTree = "<group>"; };
		531C06161E786ABB00CFCBFF /* encodings.h */ = {isa = PBXFileReference; lastKnownFileType = sourcecode.c.h; path = encodings.h; sourceTree = "<group>"; };
		531C06181E786ABB00CFCBFF /* en.h */ = {isa = PBXFileReference; lastKnownFileType = sourcecode.c.h; path = en.h; sourceTree = "<group>"; };
		531C06191E786ABB00CFCBFF /* error.h */ = {isa = PBXFileReference; lastKnownFileType = sourcecode.c.h; path = error.h; sourceTree = "<group>"; };
		531C061A1E786ABB00CFCBFF /* filereadstream.h */ = {isa = PBXFileReference; lastKnownFileType = sourcecode.c.h; path = filereadstream.h; sourceTree = "<group>"; };
		531C061B1E786ABB00CFCBFF /* filewritestream.h */ = {isa = PBXFileReference; lastKnownFileType = sourcecode.c.h; path = filewritestream.h; sourceTree = "<group>"; };
		531C061C1E786ABB00CFCBFF /* fwd.h */ = {isa = PBXFileReference; lastKnownFileType = sourcecode.c.h; path = fwd.h; sourceTree = "<group>"; };
		531C061E1E786ABB00CFCBFF /* biginteger.h */ = {isa = PBXFileReference; lastKnownFileType = sourcecode.c.h; path = biginteger.h; sourceTree = "<group>"; };
		531C061F1E786ABB00CFCBFF /* diyfp.h */ = {isa = PBXFileReference; lastKnownFileType = sourcecode.c.h; path = diyfp.h; sourceTree = "<group>"; };
		531C06201E786ABB00CFCBFF /* dtoa.h */ = {isa = PBXFileReference; lastKnownFileType = sourcecode.c.h; path = dtoa.h; sourceTree = "<group>"; };
		531C06211E786ABB00CFCBFF /* ieee754.h */ = {isa = PBXFileReference; lastKnownFileType = sourcecode.c.h; path = ieee754.h; sourceTree = "<group>"; };
		531C06221E786ABB00CFCBFF /* itoa.h */ = {isa = PBXFileReference; lastKnownFileType = sourcecode.c.h; path = itoa.h; sourceTree = "<group>"; };
		531C06231E786ABB00CFCBFF /* meta.h */ = {isa = PBXFileReference; lastKnownFileType = sourcecode.c.h; path = meta.h; sourceTree = "<group>"; };
		531C06241E786ABB00CFCBFF /* pow10.h */ = {isa = PBXFileReference; lastKnownFileType = sourcecode.c.h; path = pow10.h; sourceTree = "<group>"; };
		531C06251E786ABB00CFCBFF /* regex.h */ = {isa = PBXFileReference; lastKnownFileType = sourcecode.c.h; path = regex.h; sourceTree = "<group>"; };
		531C06261E786ABB00CFCBFF /* stack.h */ = {isa = PBXFileReference; lastKnownFileType = sourcecode.c.h; path = stack.h; sourceTree = "<group>"; };
		531C06271E786ABB00CFCBFF /* strfunc.h */ = {isa = PBXFileReference; lastKnownFileType = sourcecode.c.h; path = strfunc.h; sourceTree = "<group>"; };
		531C06281E786ABB00CFCBFF /* strtod.h */ = {isa = PBXFileReference; lastKnownFileType = sourcecode.c.h; path = strtod.h; sourceTree = "<group>"; };
		531C06291E786ABB00CFCBFF /* swap.h */ = {isa = PBXFileReference; lastKnownFileType = sourcecode.c.h; path = swap.h; sourceTree = "<group>"; };
		531C062A1E786ABB00CFCBFF /* istreamwrapper.h */ = {isa = PBXFileReference; lastKnownFileType = sourcecode.c.h; path = istreamwrapper.h; sourceTree = "<group>"; };
		531C062B1E786ABB00CFCBFF /* memorybuffer.h */ = {isa = PBXFileReference; lastKnownFileType = sourcecode.c.h; path = memorybuffer.h; sourceTree = "<group>"; };
		531C062C1E786ABB00CFCBFF /* memorystream.h */ = {isa = PBXFileReference; lastKnownFileType = sourcecode.c.h; path = memorystream.h; sourceTree = "<group>"; };
		531C062E1E786ABB00CFCBFF /* inttypes.h */ = {isa = PBXFileReference; lastKnownFileType = sourcecode.c.h; path = inttypes.h; sourceTree = "<group>"; };
		531C062F1E786ABB00CFCBFF /* stdint.h */ = {isa = PBXFileReference; lastKnownFileType = sourcecode.c.h; path = stdint.h; sourceTree = "<group>"; };
		531C06301E786ABB00CFCBFF /* ostreamwrapper.h */ = {isa = PBXFileReference; lastKnownFileType = sourcecode.c.h; path = ostreamwrapper.h; sourceTree = "<group>"; };
		531C06311E786ABB00CFCBFF /* pointer.h */ = {isa = PBXFileReference; lastKnownFileType = sourcecode.c.h; path = pointer.h; sourceTree = "<group>"; };
		531C06321E786ABB00CFCBFF /* prettywriter.h */ = {isa = PBXFileReference; lastKnownFileType = sourcecode.c.h; path = prettywriter.h; sourceTree = "<group>"; };
		531C06331E786ABB00CFCBFF /* rapidjson.h */ = {isa = PBXFileReference; lastKnownFileType = sourcecode.c.h; path = rapidjson.h; sourceTree = "<group>"; };
		531C06341E786ABB00CFCBFF /* reader.h */ = {isa = PBXFileReference; lastKnownFileType = sourcecode.c.h; path = reader.h; sourceTree = "<group>"; };
		531C06351E786ABB00CFCBFF /* schema.h */ = {isa = PBXFileReference; lastKnownFileType = sourcecode.c.h; path = schema.h; sourceTree = "<group>"; };
		531C06361E786ABB00CFCBFF /* stream.h */ = {isa = PBXFileReference; lastKnownFileType = sourcecode.c.h; path = stream.h; sourceTree = "<group>"; };
		531C06371E786ABB00CFCBFF /* stringbuffer.h */ = {isa = PBXFileReference; lastKnownFileType = sourcecode.c.h; path = stringbuffer.h; sourceTree = "<group>"; };
		531C06381E786ABB00CFCBFF /* writer.h */ = {isa = PBXFileReference; lastKnownFileType = sourcecode.c.h; path = writer.h; sourceTree = "<group>"; };
		531C063A1E786ABB00CFCBFF /* license.txt */ = {isa = PBXFileReference; lastKnownFileType = text; path = license.txt; sourceTree = "<group>"; };
		531C063B1E786ABB00CFCBFF /* manual.html */ = {isa = PBXFileReference; lastKnownFileType = text.html; path = manual.html; sourceTree = "<group>"; };
		531C063C1E786ABB00CFCBFF /* rapidxml.hpp */ = {isa = PBXFileReference; lastKnownFileType = sourcecode.cpp.h; path = rapidxml.hpp; sourceTree = "<group>"; };
		531C063D1E786ABB00CFCBFF /* rapidxml_iterators.hpp */ = {isa = PBXFileReference; lastKnownFileType = sourcecode.cpp.h; path = rapidxml_iterators.hpp; sourceTree = "<group>"; };
		531C063E1E786ABB00CFCBFF /* rapidxml_print.hpp */ = {isa = PBXFileReference; lastKnownFileType = sourcecode.cpp.h; path = rapidxml_print.hpp; sourceTree = "<group>"; };
		531C063F1E786ABB00CFCBFF /* rapidxml_utils.hpp */ = {isa = PBXFileReference; lastKnownFileType = sourcecode.cpp.h; path = rapidxml_utils.hpp; sourceTree = "<group>"; };
		531C06401E786ABB00CFCBFF /* macros.hpp */ = {isa = PBXFileReference; lastKnownFileType = sourcecode.cpp.h; path = macros.hpp; sourceTree = "<group>"; };
		531C06421E786ABB00CFCBFF /* array.hpp */ = {isa = PBXFileReference; lastKnownFileType = sourcecode.cpp.h; path = array.hpp; sourceTree = "<group>"; };
		531C06431E786ABB00CFCBFF /* base_class.hpp */ = {isa = PBXFileReference; lastKnownFileType = sourcecode.cpp.h; path = base_class.hpp; sourceTree = "<group>"; };
		531C06441E786ABB00CFCBFF /* bitset.hpp */ = {isa = PBXFileReference; lastKnownFileType = sourcecode.cpp.h; path = bitset.hpp; sourceTree = "<group>"; };
		531C06451E786ABB00CFCBFF /* boost_variant.hpp */ = {isa = PBXFileReference; lastKnownFileType = sourcecode.cpp.h; path = boost_variant.hpp; sourceTree = "<group>"; };
		531C06461E786ABB00CFCBFF /* chrono.hpp */ = {isa = PBXFileReference; lastKnownFileType = sourcecode.cpp.h; path = chrono.hpp; sourceTree = "<group>"; };
		531C06471E786ABB00CFCBFF /* common.hpp */ = {isa = PBXFileReference; lastKnownFileType = sourcecode.cpp.h; path = common.hpp; sourceTree = "<group>"; };
		531C06481E786ABB00CFCBFF /* complex.hpp */ = {isa = PBXFileReference; lastKnownFileType = sourcecode.cpp.h; path = complex.hpp; sourceTree = "<group>"; };
		531C064A1E786ABB00CFCBFF /* pair_associative_container.hpp */ = {isa = PBXFileReference; lastKnownFileType = sourcecode.cpp.h; path = pair_associative_container.hpp; sourceTree = "<group>"; };
		531C064B1E786ABB00CFCBFF /* deque.hpp */ = {isa = PBXFileReference; lastKnownFileType = sourcecode.cpp.h; path = deque.hpp; sourceTree = "<group>"; };
		531C064C1E786ABB00CFCBFF /* forward_list.hpp */ = {isa = PBXFileReference; lastKnownFileType = sourcecode.cpp.h; path = forward_list.hpp; sourceTree = "<group>"; };
		531C064D1E786ABB00CFCBFF /* functional.hpp */ = {isa = PBXFileReference; lastKnownFileType = sourcecode.cpp.h; path = functional.hpp; sourceTree = "<group>"; };
		531C064E1E786ABB00CFCBFF /* list.hpp */ = {isa = PBXFileReference; lastKnownFileType = sourcecode.cpp.h; path = list.hpp; sourceTree = "<group>"; };
		531C064F1E786ABB00CFCBFF /* map.hpp */ = {isa = PBXFileReference; lastKnownFileType = sourcecode.cpp.h; path = map.hpp; sourceTree = "<group>"; };
		531C06501E786ABB00CFCBFF /* memory.hpp */ = {isa = PBXFileReference; lastKnownFileType = sourcecode.cpp.h; path = memory.hpp; sourceTree = "<group>"; };
		531C06511E786ABB00CFCBFF /* polymorphic.hpp */ = {isa = PBXFileReference; lastKnownFileType = sourcecode.cpp.h; path = polymorphic.hpp; sourceTree = "<group>"; };
		531C06521E786ABB00CFCBFF /* queue.hpp */ = {isa = PBXFileReference; lastKnownFileType = sourcecode.cpp.h; path = queue.hpp; sourceTree = "<group>"; };
		531C06531E786ABB00CFCBFF /* set.hpp */ = {isa = PBXFileReference; lastKnownFileType = sourcecode.cpp.h; path = set.hpp; sourceTree = "<group>"; };
		531C06541E786ABB00CFCBFF /* stack.hpp */ = {isa = PBXFileReference; lastKnownFileType = sourcecode.cpp.h; path = stack.hpp; sourceTree = "<group>"; };
		531C06551E786ABB00CFCBFF /* string.hpp */ = {isa = PBXFileReference; lastKnownFileType = sourcecode.cpp.h; path = string.hpp; sourceTree = "<group>"; };
		531C06561E786ABB00CFCBFF /* tuple.hpp */ = {isa = PBXFileReference; lastKnownFileType = sourcecode.cpp.h; path = tuple.hpp; sourceTree = "<group>"; };
		531C06571E786ABB00CFCBFF /* unordered_map.hpp */ = {isa = PBXFileReference; lastKnownFileType = sourcecode.cpp.h; path = unordered_map.hpp; sourceTree = "<group>"; };
		531C06581E786ABB00CFCBFF /* unordered_set.hpp */ = {isa = PBXFileReference; lastKnownFileType = sourcecode.cpp.h; path = unordered_set.hpp; sourceTree = "<group>"; };
		531C06591E786ABB00CFCBFF /* utility.hpp */ = {isa = PBXFileReference; lastKnownFileType = sourcecode.cpp.h; path = utility.hpp; sourceTree = "<group>"; };
		531C065A1E786ABB00CFCBFF /* valarray.hpp */ = {isa = PBXFileReference; lastKnownFileType = sourcecode.cpp.h; path = valarray.hpp; sourceTree = "<group>"; };
		531C065B1E786ABB00CFCBFF /* vector.hpp */ = {isa = PBXFileReference; lastKnownFileType = sourcecode.cpp.h; path = vector.hpp; sourceTree = "<group>"; };
		531C06621E786DEA00CFCBFF /* AST.cpp */ = {isa = PBXFileReference; lastKnownFileType = sourcecode.cpp.cpp; path = AST.cpp; sourceTree = "<group>"; };
		531C06631E786DEA00CFCBFF /* AST.hpp */ = {isa = PBXFileReference; lastKnownFileType = sourcecode.cpp.h; path = AST.hpp; sourceTree = "<group>"; };
		531C06641E786DEA00CFCBFF /* BasicStepProccessor.cpp */ = {isa = PBXFileReference; lastKnownFileType = sourcecode.cpp.cpp; path = BasicStepProccessor.cpp; sourceTree = "<group>"; };
		531C06651E786DEA00CFCBFF /* BasicStepProccessor.hpp */ = {isa = PBXFileReference; lastKnownFileType = sourcecode.cpp.h; path = BasicStepProccessor.hpp; sourceTree = "<group>"; };
		531C06671E786DEA00CFCBFF /* ForStepProcessor.cpp */ = {isa = PBXFileReference; lastKnownFileType = sourcecode.cpp.cpp; path = ForStepProcessor.cpp; sourceTree = "<group>"; };
		531C06681E786DEA00CFCBFF /* ForStepProcessor.hpp */ = {isa = PBXFileReference; lastKnownFileType = sourcecode.cpp.h; path = ForStepProcessor.hpp; sourceTree = "<group>"; };
		531C06691E786DEA00CFCBFF /* IfStepProccessor.cpp */ = {isa = PBXFileReference; lastKnownFileType = sourcecode.cpp.cpp; path = IfStepProccessor.cpp; sourceTree = "<group>"; };
		531C066A1E786DEA00CFCBFF /* IfStepProccessor.hpp */ = {isa = PBXFileReference; lastKnownFileType = sourcecode.cpp.h; path = IfStepProccessor.hpp; sourceTree = "<group>"; };
		531C066C1E786DEA00CFCBFF /* lineHistory.cpp */ = {isa = PBXFileReference; lastKnownFileType = sourcecode.cpp.cpp; path = lineHistory.cpp; sourceTree = "<group>"; };
		531C066D1E786DEA00CFCBFF /* lineHistory.hpp */ = {isa = PBXFileReference; lastKnownFileType = sourcecode.cpp.h; path = lineHistory.hpp; sourceTree = "<group>"; };
		531C066E1E786DEA00CFCBFF /* linenoise.c */ = {isa = PBXFileReference; lastKnownFileType = sourcecode.c.c; path = linenoise.c; sourceTree = "<group>"; };
		531C066F1E786DEA00CFCBFF /* linenoise.h */ = {isa = PBXFileReference; lastKnownFileType = sourcecode.c.h; path = linenoise.h; sourceTree = "<group>"; };
		531C06701E786DEA00CFCBFF /* lineNoiseWrapper.cpp */ = {isa = PBXFileReference; lastKnownFileType = sourcecode.cpp.cpp; path = lineNoiseWrapper.cpp; sourceTree = "<group>"; };
		531C06711E786DEA00CFCBFF /* lineNoiseWrapper.hpp */ = {isa = PBXFileReference; lastKnownFileType = sourcecode.cpp.h; path = lineNoiseWrapper.hpp; sourceTree = "<group>"; };
		531C06721E786DEA00CFCBFF /* Logger.cpp */ = {isa = PBXFileReference; lastKnownFileType = sourcecode.cpp.cpp; path = Logger.cpp; sourceTree = "<group>"; };
		531C06731E786DEA00CFCBFF /* Logger.hpp */ = {isa = PBXFileReference; lastKnownFileType = sourcecode.cpp.h; path = Logger.hpp; sourceTree = "<group>"; };
		531C06741E786DEA00CFCBFF /* main.cpp */ = {isa = PBXFileReference; lastKnownFileType = sourcecode.cpp.cpp; path = main.cpp; sourceTree = "<group>"; };
		531C06761E786DEA00CFCBFF /* ParserWrapper.cpp */ = {isa = PBXFileReference; lastKnownFileType = sourcecode.cpp.cpp; path = ParserWrapper.cpp; sourceTree = "<group>"; };
		531C06771E786DEA00CFCBFF /* ParserWrapper.hpp */ = {isa = PBXFileReference; lastKnownFileType = sourcecode.cpp.h; path = ParserWrapper.hpp; sourceTree = "<group>"; };
		531C06781E786DEA00CFCBFF /* quickbasic.h */ = {isa = PBXFileReference; lastKnownFileType = sourcecode.c.h; path = quickbasic.h; sourceTree = "<group>"; };
		531C06791E786DEA00CFCBFF /* quickbasic.lpp */ = {isa = PBXFileReference; lastKnownFileType = sourcecode.lex; path = quickbasic.lpp; sourceTree = "<group>"; };
		531C067A1E786DEA00CFCBFF /* quickbasic.ypp */ = {isa = PBXFileReference; lastKnownFileType = sourcecode.yacc; path = quickbasic.ypp; sourceTree = "<group>"; };
		531C067B1E786DEA00CFCBFF /* Rebuild.cpp */ = {isa = PBXFileReference; lastKnownFileType = sourcecode.cpp.cpp; path = Rebuild.cpp; sourceTree = "<group>"; };
		531C067C1E786DEA00CFCBFF /* Rebuild.hpp */ = {isa = PBXFileReference; lastKnownFileType = sourcecode.cpp.h; path = Rebuild.hpp; sourceTree = "<group>"; };
		531C06811E786DEA00CFCBFF /* StepProcessor.cpp */ = {isa = PBXFileReference; lastKnownFileType = sourcecode.cpp.cpp; path = StepProcessor.cpp; sourceTree = "<group>"; };
		531C06821E786DEA00CFCBFF /* StepProcessor.hpp */ = {isa = PBXFileReference; lastKnownFileType = sourcecode.cpp.h; path = StepProcessor.hpp; sourceTree = "<group>"; };
		533AE4DD1E3CE896008910D4 /* rebuild */ = {isa = PBXFileReference; explicitFileType = "compiled.mach-o.executable"; includeInIndex = 0; path = rebuild; sourceTree = BUILT_PRODUCTS_DIR; };
		533AE4E01E3CE896008910D4 /* main.cpp */ = {isa = PBXFileReference; lastKnownFileType = sourcecode.cpp.cpp; path = main.cpp; sourceTree = "<group>"; };
		533AE4FC1E3FB180008910D4 /* linenoise.c */ = {isa = PBXFileReference; lastKnownFileType = sourcecode.c.c; path = linenoise.c; sourceTree = "<group>"; };
		533AE4FD1E3FB180008910D4 /* linenoise.h */ = {isa = PBXFileReference; lastKnownFileType = sourcecode.c.h; path = linenoise.h; sourceTree = "<group>"; };
		535FF2571E4117FB00EF0E51 /* quickbasic.lpp */ = {isa = PBXFileReference; fileEncoding = 4; lastKnownFileType = sourcecode.lex; name = quickbasic.lpp; path = rebuild/quickbasic.lpp; sourceTree = "<group>"; };
		535FF25B1E42EA2600EF0E51 /* StepProcessor.cpp */ = {isa = PBXFileReference; fileEncoding = 4; lastKnownFileType = sourcecode.cpp.cpp; path = StepProcessor.cpp; sourceTree = "<group>"; };
		535FF25C1E42EA2600EF0E51 /* StepProcessor.hpp */ = {isa = PBXFileReference; fileEncoding = 4; lastKnownFileType = sourcecode.cpp.h; path = StepProcessor.hpp; sourceTree = "<group>"; };
		5362BDCB1E52BA7600A95798 /* ForStepProcessor.cpp */ = {isa = PBXFileReference; fileEncoding = 4; lastKnownFileType = sourcecode.cpp.cpp; path = ForStepProcessor.cpp; sourceTree = "<group>"; };
		5362BDCC1E52BA7600A95798 /* ForStepProcessor.hpp */ = {isa = PBXFileReference; fileEncoding = 4; lastKnownFileType = sourcecode.cpp.h; path = ForStepProcessor.hpp; sourceTree = "<group>"; };
		536373471E74859E0079B2EF /* IfStepProccessor.cpp */ = {isa = PBXFileReference; fileEncoding = 4; lastKnownFileType = sourcecode.cpp.cpp; path = IfStepProccessor.cpp; sourceTree = "<group>"; };
		536373481E74859E0079B2EF /* IfStepProccessor.hpp */ = {isa = PBXFileReference; fileEncoding = 4; lastKnownFileType = sourcecode.cpp.h; path = IfStepProccessor.hpp; sourceTree = "<group>"; };
		5363734A1E751CCD0079B2EF /* StatementHistory.cpp */ = {isa = PBXFileReference; fileEncoding = 4; lastKnownFileType = sourcecode.cpp.cpp; path = StatementHistory.cpp; sourceTree = "<group>"; };
		5363734B1E751CCD0079B2EF /* StatementHistory.hpp */ = {isa = PBXFileReference; fileEncoding = 4; lastKnownFileType = sourcecode.cpp.h; path = StatementHistory.hpp; sourceTree = "<group>"; };
		536578721E50F0D100A561D9 /* AST.cpp */ = {isa = PBXFileReference; fileEncoding = 4; lastKnownFileType = sourcecode.cpp.cpp; path = AST.cpp; sourceTree = "<group>"; };
		536578731E50F0D100A561D9 /* AST.hpp */ = {isa = PBXFileReference; fileEncoding = 4; lastKnownFileType = sourcecode.cpp.h; path = AST.hpp; sourceTree = "<group>"; };
		536578751E50F53D00A561D9 /* ParserWrapper.cpp */ = {isa = PBXFileReference; fileEncoding = 4; lastKnownFileType = sourcecode.cpp.cpp; name = ParserWrapper.cpp; path = rebuild/Parser/ParserWrapper.cpp; sourceTree = "<group>"; };
		536578761E50F53D00A561D9 /* ParserWrapper.hpp */ = {isa = PBXFileReference; fileEncoding = 4; lastKnownFileType = sourcecode.cpp.h; name = ParserWrapper.hpp; path = rebuild/Parser/ParserWrapper.hpp; sourceTree = "<group>"; };
		53A1E3EE1E4503CC0071C220 /* quickbasic.ypp */ = {isa = PBXFileReference; fileEncoding = 4; lastKnownFileType = sourcecode.yacc; name = quickbasic.ypp; path = rebuild/quickbasic.ypp; sourceTree = "<group>"; };
		53A1E3F01E4504870071C220 /* lineHistory.cpp */ = {isa = PBXFileReference; fileEncoding = 4; lastKnownFileType = sourcecode.cpp.cpp; path = lineHistory.cpp; sourceTree = "<group>"; };
		53A1E3F11E4504870071C220 /* lineHistory.hpp */ = {isa = PBXFileReference; fileEncoding = 4; lastKnownFileType = sourcecode.cpp.h; path = lineHistory.hpp; sourceTree = "<group>"; };
		53A1E3F31E45A0010071C220 /* BasicStepProccessor.cpp */ = {isa = PBXFileReference; fileEncoding = 4; lastKnownFileType = sourcecode.cpp.cpp; path = BasicStepProccessor.cpp; sourceTree = "<group>"; };
		53A1E3F41E45A0010071C220 /* BasicStepProccessor.hpp */ = {isa = PBXFileReference; fileEncoding = 4; lastKnownFileType = sourcecode.cpp.h; path = BasicStepProccessor.hpp; sourceTree = "<group>"; };
		53A1E3F71E4973630071C220 /* quickbasic.h */ = {isa = PBXFileReference; lastKnownFileType = sourcecode.c.h; name = quickbasic.h; path = rebuild/quickbasic.h; sourceTree = "<group>"; };
		53CB85881E3FC04300E44564 /* Rebuild.cpp */ = {isa = PBXFileReference; fileEncoding = 4; lastKnownFileType = sourcecode.cpp.cpp; path = Rebuild.cpp; sourceTree = "<group>"; };
		53CB85891E3FC04300E44564 /* Rebuild.hpp */ = {isa = PBXFileReference; fileEncoding = 4; lastKnownFileType = sourcecode.cpp.h; path = Rebuild.hpp; sourceTree = "<group>"; };
		53CB858B1E403E8500E44564 /* lineNoiseWrapper.cpp */ = {isa = PBXFileReference; fileEncoding = 4; lastKnownFileType = sourcecode.cpp.cpp; path = lineNoiseWrapper.cpp; sourceTree = "<group>"; };
		53CB858C1E403E8500E44564 /* lineNoiseWrapper.hpp */ = {isa = PBXFileReference; fileEncoding = 4; lastKnownFileType = sourcecode.cpp.h; path = lineNoiseWrapper.hpp; sourceTree = "<group>"; };
/* End PBXFileReference section */

/* Begin PBXFrameworksBuildPhase section */
		533AE4DA1E3CE895008910D4 /* Frameworks */ = {
			isa = PBXFrameworksBuildPhase;
			buildActionMask = 2147483647;
			files = (
			);
			runOnlyForDeploymentPostprocessing = 0;
		};
/* End PBXFrameworksBuildPhase section */

/* Begin PBXGroup section */
		531C06001E786ABB00CFCBFF /* cereal */ = {
			isa = PBXGroup;
			children = (
				531C06011E786ABB00CFCBFF /* access.hpp */,
				531C06021E786ABB00CFCBFF /* archives */,
				531C06081E786ABB00CFCBFF /* cereal.hpp */,
				531C06091E786ABB00CFCBFF /* details */,
				531C06101E786ABB00CFCBFF /* external */,
				531C06401E786ABB00CFCBFF /* macros.hpp */,
				531C06411E786ABB00CFCBFF /* types */,
			);
			path = cereal;
			sourceTree = "<group>";
		};
		531C06021E786ABB00CFCBFF /* archives */ = {
			isa = PBXGroup;
			children = (
				531C06031E786ABB00CFCBFF /* adapters.hpp */,
				531C06041E786ABB00CFCBFF /* binary.hpp */,
				531C06051E786ABB00CFCBFF /* json.hpp */,
				531C06061E786ABB00CFCBFF /* portable_binary.hpp */,
				531C06071E786ABB00CFCBFF /* xml.hpp */,
			);
			path = archives;
			sourceTree = "<group>";
		};
		531C06091E786ABB00CFCBFF /* details */ = {
			isa = PBXGroup;
			children = (
				531C060A1E786ABB00CFCBFF /* helpers.hpp */,
				531C060B1E786ABB00CFCBFF /* polymorphic_impl.hpp */,
				531C060C1E786ABB00CFCBFF /* polymorphic_impl_fwd.hpp */,
				531C060D1E786ABB00CFCBFF /* static_object.hpp */,
				531C060E1E786ABB00CFCBFF /* traits.hpp */,
				531C060F1E786ABB00CFCBFF /* util.hpp */,
			);
			path = details;
			sourceTree = "<group>";
		};
		531C06101E786ABB00CFCBFF /* external */ = {
			isa = PBXGroup;
			children = (
				531C06111E786ABB00CFCBFF /* base64.hpp */,
				531C06121E786ABB00CFCBFF /* rapidjson */,
				531C06391E786ABB00CFCBFF /* rapidxml */,
			);
			path = external;
			sourceTree = "<group>";
		};
		531C06121E786ABB00CFCBFF /* rapidjson */ = {
			isa = PBXGroup;
			children = (
				531C06131E786ABB00CFCBFF /* allocators.h */,
				531C06141E786ABB00CFCBFF /* document.h */,
				531C06151E786ABB00CFCBFF /* encodedstream.h */,
				531C06161E786ABB00CFCBFF /* encodings.h */,
				531C06171E786ABB00CFCBFF /* error */,
				531C061A1E786ABB00CFCBFF /* filereadstream.h */,
				531C061B1E786ABB00CFCBFF /* filewritestream.h */,
				531C061C1E786ABB00CFCBFF /* fwd.h */,
				531C061D1E786ABB00CFCBFF /* internal */,
				531C062A1E786ABB00CFCBFF /* istreamwrapper.h */,
				531C062B1E786ABB00CFCBFF /* memorybuffer.h */,
				531C062C1E786ABB00CFCBFF /* memorystream.h */,
				531C062D1E786ABB00CFCBFF /* msinttypes */,
				531C06301E786ABB00CFCBFF /* ostreamwrapper.h */,
				531C06311E786ABB00CFCBFF /* pointer.h */,
				531C06321E786ABB00CFCBFF /* prettywriter.h */,
				531C06331E786ABB00CFCBFF /* rapidjson.h */,
				531C06341E786ABB00CFCBFF /* reader.h */,
				531C06351E786ABB00CFCBFF /* schema.h */,
				531C06361E786ABB00CFCBFF /* stream.h */,
				531C06371E786ABB00CFCBFF /* stringbuffer.h */,
				531C06381E786ABB00CFCBFF /* writer.h */,
			);
			path = rapidjson;
			sourceTree = "<group>";
		};
		531C06171E786ABB00CFCBFF /* error */ = {
			isa = PBXGroup;
			children = (
				531C06181E786ABB00CFCBFF /* en.h */,
				531C06191E786ABB00CFCBFF /* error.h */,
			);
			path = error;
			sourceTree = "<group>";
		};
		531C061D1E786ABB00CFCBFF /* internal */ = {
			isa = PBXGroup;
			children = (
				531C061E1E786ABB00CFCBFF /* biginteger.h */,
				531C061F1E786ABB00CFCBFF /* diyfp.h */,
				531C06201E786ABB00CFCBFF /* dtoa.h */,
				531C06211E786ABB00CFCBFF /* ieee754.h */,
				531C06221E786ABB00CFCBFF /* itoa.h */,
				531C06231E786ABB00CFCBFF /* meta.h */,
				531C06241E786ABB00CFCBFF /* pow10.h */,
				531C06251E786ABB00CFCBFF /* regex.h */,
				531C06261E786ABB00CFCBFF /* stack.h */,
				531C06271E786ABB00CFCBFF /* strfunc.h */,
				531C06281E786ABB00CFCBFF /* strtod.h */,
				531C06291E786ABB00CFCBFF /* swap.h */,
			);
			path = internal;
			sourceTree = "<group>";
		};
		531C062D1E786ABB00CFCBFF /* msinttypes */ = {
			isa = PBXGroup;
			children = (
				531C062E1E786ABB00CFCBFF /* inttypes.h */,
				531C062F1E786ABB00CFCBFF /* stdint.h */,
			);
			path = msinttypes;
			sourceTree = "<group>";
		};
		531C06391E786ABB00CFCBFF /* rapidxml */ = {
			isa = PBXGroup;
			children = (
				531C063A1E786ABB00CFCBFF /* license.txt */,
				531C063B1E786ABB00CFCBFF /* manual.html */,
				531C063C1E786ABB00CFCBFF /* rapidxml.hpp */,
				531C063D1E786ABB00CFCBFF /* rapidxml_iterators.hpp */,
				531C063E1E786ABB00CFCBFF /* rapidxml_print.hpp */,
				531C063F1E786ABB00CFCBFF /* rapidxml_utils.hpp */,
			);
			path = rapidxml;
			sourceTree = "<group>";
		};
		531C06411E786ABB00CFCBFF /* types */ = {
			isa = PBXGroup;
			children = (
				531C06421E786ABB00CFCBFF /* array.hpp */,
				531C06431E786ABB00CFCBFF /* base_class.hpp */,
				531C06441E786ABB00CFCBFF /* bitset.hpp */,
				531C06451E786ABB00CFCBFF /* boost_variant.hpp */,
				531C06461E786ABB00CFCBFF /* chrono.hpp */,
				531C06471E786ABB00CFCBFF /* common.hpp */,
				531C06481E786ABB00CFCBFF /* complex.hpp */,
				531C06491E786ABB00CFCBFF /* concepts */,
				531C064B1E786ABB00CFCBFF /* deque.hpp */,
				531C064C1E786ABB00CFCBFF /* forward_list.hpp */,
				531C064D1E786ABB00CFCBFF /* functional.hpp */,
				531C064E1E786ABB00CFCBFF /* list.hpp */,
				531C064F1E786ABB00CFCBFF /* map.hpp */,
				531C06501E786ABB00CFCBFF /* memory.hpp */,
				531C06511E786ABB00CFCBFF /* polymorphic.hpp */,
				531C06521E786ABB00CFCBFF /* queue.hpp */,
				531C06531E786ABB00CFCBFF /* set.hpp */,
				531C06541E786ABB00CFCBFF /* stack.hpp */,
				531C06551E786ABB00CFCBFF /* string.hpp */,
				531C06561E786ABB00CFCBFF /* tuple.hpp */,
				531C06571E786ABB00CFCBFF /* unordered_map.hpp */,
				531C06581E786ABB00CFCBFF /* unordered_set.hpp */,
				531C06591E786ABB00CFCBFF /* utility.hpp */,
				531C065A1E786ABB00CFCBFF /* valarray.hpp */,
				531C065B1E786ABB00CFCBFF /* vector.hpp */,
			);
			path = types;
			sourceTree = "<group>";
		};
		531C06491E786ABB00CFCBFF /* concepts */ = {
			isa = PBXGroup;
			children = (
				531C064A1E786ABB00CFCBFF /* pair_associative_container.hpp */,
			);
			path = concepts;
			sourceTree = "<group>";
		};
		531C06611E786DEA00CFCBFF /* rebuild */ = {
			isa = PBXGroup;
			children = (
				531C06621E786DEA00CFCBFF /* AST.cpp */,
				531C06631E786DEA00CFCBFF /* AST.hpp */,
				531C06641E786DEA00CFCBFF /* BasicStepProccessor.cpp */,
				531C06651E786DEA00CFCBFF /* BasicStepProccessor.hpp */,
				531C06661E786DEA00CFCBFF /* fmt */,
				531C06671E786DEA00CFCBFF /* ForStepProcessor.cpp */,
				531C06681E786DEA00CFCBFF /* ForStepProcessor.hpp */,
				531C06691E786DEA00CFCBFF /* IfStepProccessor.cpp */,
				531C066A1E786DEA00CFCBFF /* IfStepProccessor.hpp */,
				531C066B1E786DEA00CFCBFF /* linenoise */,
				531C06721E786DEA00CFCBFF /* Logger.cpp */,
				531C06731E786DEA00CFCBFF /* Logger.hpp */,
				531C06741E786DEA00CFCBFF /* main.cpp */,
				531C06751E786DEA00CFCBFF /* Parser */,
				531C06781E786DEA00CFCBFF /* quickbasic.h */,
				531C06791E786DEA00CFCBFF /* quickbasic.lpp */,
				531C067A1E786DEA00CFCBFF /* quickbasic.ypp */,
				531C067B1E786DEA00CFCBFF /* Rebuild.cpp */,
				531C067C1E786DEA00CFCBFF /* Rebuild.hpp */,
				531C06811E786DEA00CFCBFF /* StepProcessor.cpp */,
				531C06821E786DEA00CFCBFF /* StepProcessor.hpp */,
			);
			path = rebuild;
			sourceTree = "<group>";
		};
		531C06661E786DEA00CFCBFF /* fmt */ = {
			isa = PBXGroup;
			children = (
			);
			path = fmt;
			sourceTree = "<group>";
		};
		531C066B1E786DEA00CFCBFF /* linenoise */ = {
			isa = PBXGroup;
			children = (
				531C066C1E786DEA00CFCBFF /* lineHistory.cpp */,
				531C066D1E786DEA00CFCBFF /* lineHistory.hpp */,
				531C066E1E786DEA00CFCBFF /* linenoise.c */,
				531C066F1E786DEA00CFCBFF /* linenoise.h */,
				531C06701E786DEA00CFCBFF /* lineNoiseWrapper.cpp */,
				531C06711E786DEA00CFCBFF /* lineNoiseWrapper.hpp */,
			);
			path = linenoise;
			sourceTree = "<group>";
		};
		531C06751E786DEA00CFCBFF /* Parser */ = {
			isa = PBXGroup;
			children = (
				531C06761E786DEA00CFCBFF /* ParserWrapper.cpp */,
				531C06771E786DEA00CFCBFF /* ParserWrapper.hpp */,
			);
			path = Parser;
			sourceTree = "<group>";
		};
		533AE4D41E3CE895008910D4 = {
			isa = PBXGroup;
			children = (
				531C06611E786DEA00CFCBFF /* rebuild */,
				531C06001E786ABB00CFCBFF /* cereal */,
				535FF2561E410FE600EF0E51 /* quickBasic */,
				533AE4DF1E3CE896008910D4 /* rebuild */,
				533AE4DE1E3CE896008910D4 /* Products */,
			);
			sourceTree = "<group>";
		};
		533AE4DE1E3CE896008910D4 /* Products */ = {
			isa = PBXGroup;
			children = (
				533AE4DD1E3CE896008910D4 /* rebuild */,
			);
			name = Products;
			sourceTree = "<group>";
		};
		533AE4DF1E3CE896008910D4 /* rebuild */ = {
			isa = PBXGroup;
			children = (
				53CB85881E3FC04300E44564 /* Rebuild.cpp */,
				535FF25B1E42EA2600EF0E51 /* StepProcessor.cpp */,
				535FF25C1E42EA2600EF0E51 /* StepProcessor.hpp */,
				53A1E3F31E45A0010071C220 /* BasicStepProccessor.cpp */,
				53A1E3F41E45A0010071C220 /* BasicStepProccessor.hpp */,
				5362BDCB1E52BA7600A95798 /* ForStepProcessor.cpp */,
				5362BDCC1E52BA7600A95798 /* ForStepProcessor.hpp */,
				531B19181E562EC000F530FA /* Logger.cpp */,
				536373471E74859E0079B2EF /* IfStepProccessor.cpp */,
				536373481E74859E0079B2EF /* IfStepProccessor.hpp */,
				531B19191E562EC000F530FA /* Logger.hpp */,
				536578721E50F0D100A561D9 /* AST.cpp */,
				536578731E50F0D100A561D9 /* AST.hpp */,
				5363734A1E751CCD0079B2EF /* StatementHistory.cpp */,
				5363734B1E751CCD0079B2EF /* StatementHistory.hpp */,
				53CB85891E3FC04300E44564 /* Rebuild.hpp */,
				533AE4F71E3FB180008910D4 /* linenoise */,
				533AE4E01E3CE896008910D4 /* main.cpp */,
			);
			path = rebuild;
			sourceTree = "<group>";
		};
		533AE4F71E3FB180008910D4 /* linenoise */ = {
			isa = PBXGroup;
			children = (
				533AE4FC1E3FB180008910D4 /* linenoise.c */,
				533AE4FD1E3FB180008910D4 /* linenoise.h */,
				53A1E3F01E4504870071C220 /* lineHistory.cpp */,
				53A1E3F11E4504870071C220 /* lineHistory.hpp */,
				53CB858B1E403E8500E44564 /* lineNoiseWrapper.cpp */,
				53CB858C1E403E8500E44564 /* lineNoiseWrapper.hpp */,
			);
			path = linenoise;
			sourceTree = "<group>";
		};
		535FF2561E410FE600EF0E51 /* quickBasic */ = {
			isa = PBXGroup;
			children = (
				53A1E3EE1E4503CC0071C220 /* quickbasic.ypp */,
				53A1E3F71E4973630071C220 /* quickbasic.h */,
				536578751E50F53D00A561D9 /* ParserWrapper.cpp */,
				536578761E50F53D00A561D9 /* ParserWrapper.hpp */,
				535FF2571E4117FB00EF0E51 /* quickbasic.lpp */,
			);
			name = quickBasic;
			sourceTree = "<group>";
		};
/* End PBXGroup section */

/* Begin PBXNativeTarget section */
		533AE4DC1E3CE895008910D4 /* rebuild */ = {
			isa = PBXNativeTarget;
			buildConfigurationList = 533AE4E41E3CE896008910D4 /* Build configuration list for PBXNativeTarget "rebuild" */;
			buildPhases = (
				533AE4D91E3CE895008910D4 /* Sources */,
				533AE4DA1E3CE895008910D4 /* Frameworks */,
				533AE4DB1E3CE895008910D4 /* CopyFiles */,
			);
			buildRules = (
			);
			dependencies = (
			);
			name = rebuild;
			productName = rebuild;
			productReference = 533AE4DD1E3CE896008910D4 /* rebuild */;
			productType = "com.apple.product-type.tool";
		};
/* End PBXNativeTarget section */

/* Begin PBXProject section */
		533AE4D51E3CE895008910D4 /* Project object */ = {
			isa = PBXProject;
			attributes = {
				LastUpgradeCheck = 0730;
				ORGANIZATIONNAME = self;
				TargetAttributes = {
					533AE4DC1E3CE895008910D4 = {
						CreatedOnToolsVersion = 7.3;
					};
				};
			};
			buildConfigurationList = 533AE4D81E3CE895008910D4 /* Build configuration list for PBXProject "rebuild" */;
			compatibilityVersion = "Xcode 3.2";
			developmentRegion = English;
			hasScannedForEncodings = 0;
			knownRegions = (
				en,
			);
			mainGroup = 533AE4D41E3CE895008910D4;
			productRefGroup = 533AE4DE1E3CE896008910D4 /* Products */;
			projectDirPath = "";
			projectRoot = "";
			targets = (
				533AE4DC1E3CE895008910D4 /* rebuild */,
			);
		};
/* End PBXProject section */

/* Begin PBXSourcesBuildPhase section */
		533AE4D91E3CE895008910D4 /* Sources */ = {
			isa = PBXSourcesBuildPhase;
			buildActionMask = 2147483647;
			files = (
				536578741E50F0D100A561D9 /* AST.cpp in Sources */,
				53CB858D1E403E8500E44564 /* lineNoiseWrapper.cpp in Sources */,
				536578771E50F53D00A561D9 /* ParserWrapper.cpp in Sources */,
				533AE5021E3FB58B008910D4 /* linenoise.c in Sources */,
				5363734C1E751CCD0079B2EF /* StatementHistory.cpp in Sources */,
				53A1E3F21E4504870071C220 /* lineHistory.cpp in Sources */,
				535FF25D1E42EA2600EF0E51 /* StepProcessor.cpp in Sources */,
				535FF2581E4117FB00EF0E51 /* quickbasic.lpp in Sources */,
				531B191A1E562EC000F530FA /* Logger.cpp in Sources */,
				53A1E3F51E45A0010071C220 /* BasicStepProccessor.cpp in Sources */,
				536373491E74859E0079B2EF /* IfStepProccessor.cpp in Sources */,
				5362BDCD1E52BA7600A95798 /* ForStepProcessor.cpp in Sources */,
				533AE4E11E3CE896008910D4 /* main.cpp in Sources */,
				53CB858A1E3FC04300E44564 /* Rebuild.cpp in Sources */,
				53A1E3EF1E4503CC0071C220 /* quickbasic.ypp in Sources */,
			);
			runOnlyForDeploymentPostprocessing = 0;
		};
/* End PBXSourcesBuildPhase section */

/* Begin XCBuildConfiguration section */
		533AE4E21E3CE896008910D4 /* Debug */ = {
			isa = XCBuildConfiguration;
			buildSettings = {
				ALWAYS_SEARCH_USER_PATHS = NO;
				CLANG_ANALYZER_NONNULL = YES;
				CLANG_CXX_LANGUAGE_STANDARD = "gnu++0x";
				CLANG_CXX_LIBRARY = "libc++";
				CLANG_ENABLE_MODULES = YES;
				CLANG_ENABLE_OBJC_ARC = YES;
				CLANG_WARN_BOOL_CONVERSION = YES;
				CLANG_WARN_CONSTANT_CONVERSION = YES;
				CLANG_WARN_DIRECT_OBJC_ISA_USAGE = YES_ERROR;
				CLANG_WARN_EMPTY_BODY = YES;
				CLANG_WARN_ENUM_CONVERSION = YES;
				CLANG_WARN_INT_CONVERSION = YES;
				CLANG_WARN_OBJC_ROOT_CLASS = YES_ERROR;
				CLANG_WARN_UNREACHABLE_CODE = YES;
				CLANG_WARN__DUPLICATE_METHOD_MATCH = YES;
				CODE_SIGN_IDENTITY = "-";
				COPY_PHASE_STRIP = NO;
				DEBUG_INFORMATION_FORMAT = dwarf;
				ENABLE_STRICT_OBJC_MSGSEND = YES;
				ENABLE_TESTABILITY = YES;
				GCC_C_LANGUAGE_STANDARD = gnu99;
				GCC_DYNAMIC_NO_PIC = NO;
				GCC_NO_COMMON_BLOCKS = YES;
				GCC_OPTIMIZATION_LEVEL = 0;
				GCC_PREPROCESSOR_DEFINITIONS = (
					"DEBUG=1",
					"$(inherited)",
				);
				GCC_WARN_64_TO_32_BIT_CONVERSION = YES;
				GCC_WARN_ABOUT_RETURN_TYPE = YES_ERROR;
				GCC_WARN_UNDECLARED_SELECTOR = YES;
				GCC_WARN_UNINITIALIZED_AUTOS = YES_AGGRESSIVE;
				GCC_WARN_UNUSED_FUNCTION = YES;
				GCC_WARN_UNUSED_VARIABLE = YES;
				MACOSX_DEPLOYMENT_TARGET = 10.11;
				MTL_ENABLE_DEBUG_INFO = YES;
				ONLY_ACTIVE_ARCH = YES;
				SDKROOT = macosx;
			};
			name = Debug;
		};
		533AE4E31E3CE896008910D4 /* Release */ = {
			isa = XCBuildConfiguration;
			buildSettings = {
				ALWAYS_SEARCH_USER_PATHS = NO;
				CLANG_ANALYZER_NONNULL = YES;
				CLANG_CXX_LANGUAGE_STANDARD = "gnu++0x";
				CLANG_CXX_LIBRARY = "libc++";
				CLANG_ENABLE_MODULES = YES;
				CLANG_ENABLE_OBJC_ARC = YES;
				CLANG_WARN_BOOL_CONVERSION = YES;
				CLANG_WARN_CONSTANT_CONVERSION = YES;
				CLANG_WARN_DIRECT_OBJC_ISA_USAGE = YES_ERROR;
				CLANG_WARN_EMPTY_BODY = YES;
				CLANG_WARN_ENUM_CONVERSION = YES;
				CLANG_WARN_INT_CONVERSION = YES;
				CLANG_WARN_OBJC_ROOT_CLASS = YES_ERROR;
				CLANG_WARN_UNREACHABLE_CODE = YES;
				CLANG_WARN__DUPLICATE_METHOD_MATCH = YES;
				CODE_SIGN_IDENTITY = "-";
				COPY_PHASE_STRIP = NO;
				DEBUG_INFORMATION_FORMAT = "dwarf-with-dsym";
				ENABLE_NS_ASSERTIONS = NO;
				ENABLE_STRICT_OBJC_MSGSEND = YES;
				GCC_C_LANGUAGE_STANDARD = gnu99;
				GCC_NO_COMMON_BLOCKS = YES;
				GCC_WARN_64_TO_32_BIT_CONVERSION = YES;
				GCC_WARN_ABOUT_RETURN_TYPE = YES_ERROR;
				GCC_WARN_UNDECLARED_SELECTOR = YES;
				GCC_WARN_UNINITIALIZED_AUTOS = YES_AGGRESSIVE;
				GCC_WARN_UNUSED_FUNCTION = YES;
				GCC_WARN_UNUSED_VARIABLE = YES;
				MACOSX_DEPLOYMENT_TARGET = 10.11;
				MTL_ENABLE_DEBUG_INFO = NO;
				SDKROOT = macosx;
			};
			name = Release;
		};
		533AE4E51E3CE896008910D4 /* Debug */ = {
			isa = XCBuildConfiguration;
			buildSettings = {
				PRODUCT_NAME = "$(TARGET_NAME)";
				USER_HEADER_SEARCH_PATHS = "\"$(SRCROOT)/\"";
				YACC_GENERATED_FILE_STEM = InputFileStem;
			};
			name = Debug;
		};
		533AE4E61E3CE896008910D4 /* Release */ = {
			isa = XCBuildConfiguration;
			buildSettings = {
				PRODUCT_NAME = "$(TARGET_NAME)";
				USER_HEADER_SEARCH_PATHS = "\"$(SRCROOT)/\"";
				YACC_GENERATED_FILE_STEM = InputFileStem;
			};
			name = Release;
		};
/* End XCBuildConfiguration section */

/* Begin XCConfigurationList section */
		533AE4D81E3CE895008910D4 /* Build configuration list for PBXProject "rebuild" */ = {
			isa = XCConfigurationList;
			buildConfigurations = (
				533AE4E21E3CE896008910D4 /* Debug */,
				533AE4E31E3CE896008910D4 /* Release */,
			);
			defaultConfigurationIsVisible = 0;
			defaultConfigurationName = Release;
		};
		533AE4E41E3CE896008910D4 /* Build configuration list for PBXNativeTarget "rebuild" */ = {
			isa = XCConfigurationList;
			buildConfigurations = (
				533AE4E51E3CE896008910D4 /* Debug */,
				533AE4E61E3CE896008910D4 /* Release */,
			);
			defaultConfigurationIsVisible = 0;
			defaultConfigurationName = Release;
		};
/* End XCConfigurationList section */
	};
	rootObject = 533AE4D51E3CE895008910D4 /* Project object */;
}
