// !$*UTF8*$!
{
	archiveVersion = 1;
	classes = {
	};
	objectVersion = 46;
	objects = {

/* Begin PBXBuildFile section */
		533AE4E11E3CE896008910D4 /* main.cpp in Sources */ = {isa = PBXBuildFile; fileRef = 533AE4E01E3CE896008910D4 /* main.cpp */; };
		533AE5021E3FB58B008910D4 /* linenoise.c in Sources */ = {isa = PBXBuildFile; fileRef = 533AE4FC1E3FB180008910D4 /* linenoise.c */; };
		535FF25D1E42EA2600EF0E51 /* StepProcessor.cpp in Sources */ = {isa = PBXBuildFile; fileRef = 535FF25B1E42EA2600EF0E51 /* StepProcessor.cpp */; };
		53A1E3F21E4504870071C220 /* lineHistory.cpp in Sources */ = {isa = PBXBuildFile; fileRef = 53A1E3F01E4504870071C220 /* lineHistory.cpp */; };
		53A1E3F51E45A0010071C220 /* BasicStepProccessor.cpp in Sources */ = {isa = PBXBuildFile; fileRef = 53A1E3F31E45A0010071C220 /* BasicStepProccessor.cpp */; };
		53CB858A1E3FC04300E44564 /* Rebuild.cpp in Sources */ = {isa = PBXBuildFile; fileRef = 53CB85881E3FC04300E44564 /* Rebuild.cpp */; };
		53CB858D1E403E8500E44564 /* lineNoiseWrapper.cpp in Sources */ = {isa = PBXBuildFile; fileRef = 53CB858B1E403E8500E44564 /* lineNoiseWrapper.cpp */; };
		53CE7EF31E4E770500774CB7 /* quickbasic.lpp in Sources */ = {isa = PBXBuildFile; fileRef = 53CE7EEB1E4E451D00774CB7 /* quickbasic.lpp */; };
		53CE7EF41E4E770900774CB7 /* quickbasic.ypp in Sources */ = {isa = PBXBuildFile; fileRef = 53CE7EEC1E4E451D00774CB7 /* quickbasic.ypp */; };
/* End PBXBuildFile section */

/* Begin PBXCopyFilesBuildPhase section */
		533AE4DB1E3CE895008910D4 /* CopyFiles */ = {
			isa = PBXCopyFilesBuildPhase;
			buildActionMask = 2147483647;
			dstPath = /usr/share/man/man1/;
			dstSubfolderSpec = 0;
			files = (
			);
			runOnlyForDeploymentPostprocessing = 1;
		};
/* End PBXCopyFilesBuildPhase section */

/* Begin PBXFileReference section */
		533AE4DD1E3CE896008910D4 /* rebuild */ = {isa = PBXFileReference; explicitFileType = "compiled.mach-o.executable"; includeInIndex = 0; path = rebuild; sourceTree = BUILT_PRODUCTS_DIR; };
		533AE4E01E3CE896008910D4 /* main.cpp */ = {isa = PBXFileReference; lastKnownFileType = sourcecode.cpp.cpp; path = main.cpp; sourceTree = "<group>"; };
		533AE4FC1E3FB180008910D4 /* linenoise.c */ = {isa = PBXFileReference; lastKnownFileType = sourcecode.c.c; path = linenoise.c; sourceTree = "<group>"; };
		533AE4FD1E3FB180008910D4 /* linenoise.h */ = {isa = PBXFileReference; lastKnownFileType = sourcecode.c.h; path = linenoise.h; sourceTree = "<group>"; };
		535FF25B1E42EA2600EF0E51 /* StepProcessor.cpp */ = {isa = PBXFileReference; fileEncoding = 4; lastKnownFileType = sourcecode.cpp.cpp; path = StepProcessor.cpp; sourceTree = "<group>"; };
		535FF25C1E42EA2600EF0E51 /* StepProcessor.hpp */ = {isa = PBXFileReference; fileEncoding = 4; lastKnownFileType = sourcecode.cpp.h; path = StepProcessor.hpp; sourceTree = "<group>"; };
		53A1E3E91E44FBF60071C220 /* json.hpp */ = {isa = PBXFileReference; lastKnownFileType = sourcecode.cpp.h; path = json.hpp; sourceTree = "<group>"; };
		53A1E3F01E4504870071C220 /* lineHistory.cpp */ = {isa = PBXFileReference; fileEncoding = 4; lastKnownFileType = sourcecode.cpp.cpp; path = lineHistory.cpp; sourceTree = "<group>"; };
		53A1E3F11E4504870071C220 /* lineHistory.hpp */ = {isa = PBXFileReference; fileEncoding = 4; lastKnownFileType = sourcecode.cpp.h; path = lineHistory.hpp; sourceTree = "<group>"; };
		53A1E3F31E45A0010071C220 /* BasicStepProccessor.cpp */ = {isa = PBXFileReference; fileEncoding = 4; lastKnownFileType = sourcecode.cpp.cpp; path = BasicStepProccessor.cpp; sourceTree = "<group>"; };
		53A1E3F41E45A0010071C220 /* BasicStepProccessor.hpp */ = {isa = PBXFileReference; fileEncoding = 4; lastKnownFileType = sourcecode.cpp.h; path = BasicStepProccessor.hpp; sourceTree = "<group>"; };
		53CB85881E3FC04300E44564 /* Rebuild.cpp */ = {isa = PBXFileReference; fileEncoding = 4; lastKnownFileType = sourcecode.cpp.cpp; path = Rebuild.cpp; sourceTree = "<group>"; };
		53CB85891E3FC04300E44564 /* Rebuild.hpp */ = {isa = PBXFileReference; fileEncoding = 4; lastKnownFileType = sourcecode.cpp.h; path = Rebuild.hpp; sourceTree = "<group>"; };
		53CB858B1E403E8500E44564 /* lineNoiseWrapper.cpp */ = {isa = PBXFileReference; fileEncoding = 4; lastKnownFileType = sourcecode.cpp.cpp; path = lineNoiseWrapper.cpp; sourceTree = "<group>"; };
		53CB858C1E403E8500E44564 /* lineNoiseWrapper.hpp */ = {isa = PBXFileReference; fileEncoding = 4; lastKnownFileType = sourcecode.cpp.h; path = lineNoiseWrapper.hpp; sourceTree = "<group>"; };
		53CE7EEB1E4E451D00774CB7 /* quickbasic.lpp */ = {isa = PBXFileReference; lastKnownFileType = sourcecode.lex; path = quickbasic.lpp; sourceTree = "<group>"; };
		53CE7EEC1E4E451D00774CB7 /* quickbasic.ypp */ = {isa = PBXFileReference; lastKnownFileType = sourcecode.yacc; path = quickbasic.ypp; sourceTree = "<group>"; };
		53CE7EF71E4E777E00774CB7 /* quickbasic.h */ = {isa = PBXFileReference; lastKnownFileType = sourcecode.c.h; path = quickbasic.h; sourceTree = "<group>"; };
		53CE7EFB1E4E788700774CB7 /* location.hh */ = {isa = PBXFileReference; lastKnownFileType = sourcecode.cpp.h; path = location.hh; sourceTree = "<group>"; };
		53CE7EFC1E4E788700774CB7 /* position.hh */ = {isa = PBXFileReference; lastKnownFileType = sourcecode.cpp.h; path = position.hh; sourceTree = "<group>"; };
		53CE7EFD1E4E788700774CB7 /* stack.hh */ = {isa = PBXFileReference; lastKnownFileType = sourcecode.cpp.h; path = stack.hh; sourceTree = "<group>"; };
		53CE7F151E4EC9EE00774CB7 /* quickbasic.hpp */ = {isa = PBXFileReference; lastKnownFileType = sourcecode.cpp.h; path = quickbasic.hpp; sourceTree = "<group>"; };
/* End PBXFileReference section */

/* Begin PBXFrameworksBuildPhase section */
		533AE4DA1E3CE895008910D4 /* Frameworks */ = {
			isa = PBXFrameworksBuildPhase;
			buildActionMask = 2147483647;
			files = (
			);
			runOnlyForDeploymentPostprocessing = 0;
		};
/* End PBXFrameworksBuildPhase section */

/* Begin PBXGroup section */
		533AE4D41E3CE895008910D4 = {
			isa = PBXGroup;
			children = (
				53A1E3E81E44FBF60071C220 /* json */,
				533AE4DF1E3CE896008910D4 /* rebuild */,
				533AE4DE1E3CE896008910D4 /* Products */,
			);
			sourceTree = "<group>";
		};
		533AE4DE1E3CE896008910D4 /* Products */ = {
			isa = PBXGroup;
			children = (
				533AE4DD1E3CE896008910D4 /* rebuild */,
			);
			name = Products;
			sourceTree = "<group>";
		};
		533AE4DF1E3CE896008910D4 /* rebuild */ = {
			isa = PBXGroup;
			children = (
				53CE7EEA1E4E451D00774CB7 /* Parser */,
				53CB85881E3FC04300E44564 /* Rebuild.cpp */,
				535FF25B1E42EA2600EF0E51 /* StepProcessor.cpp */,
				535FF25C1E42EA2600EF0E51 /* StepProcessor.hpp */,
				53A1E3F31E45A0010071C220 /* BasicStepProccessor.cpp */,
				53A1E3F41E45A0010071C220 /* BasicStepProccessor.hpp */,
				53CB85891E3FC04300E44564 /* Rebuild.hpp */,
				533AE4F71E3FB180008910D4 /* linenoise */,
				533AE4E01E3CE896008910D4 /* main.cpp */,
			);
			path = rebuild;
			sourceTree = "<group>";
		};
		533AE4F71E3FB180008910D4 /* linenoise */ = {
			isa = PBXGroup;
			children = (
				533AE4FC1E3FB180008910D4 /* linenoise.c */,
				533AE4FD1E3FB180008910D4 /* linenoise.h */,
				53A1E3F01E4504870071C220 /* lineHistory.cpp */,
				53A1E3F11E4504870071C220 /* lineHistory.hpp */,
				53CB858B1E403E8500E44564 /* lineNoiseWrapper.cpp */,
				53CB858C1E403E8500E44564 /* lineNoiseWrapper.hpp */,
			);
			path = linenoise;
			sourceTree = "<group>";
		};
		53A1E3E81E44FBF60071C220 /* json */ = {
			isa = PBXGroup;
			children = (
				53A1E3E91E44FBF60071C220 /* json.hpp */,
			);
			name = json;
			path = rebuild/json;
			sourceTree = "<group>";
		};
		53CE7EEA1E4E451D00774CB7 /* Parser */ = {
			isa = PBXGroup;
			children = (
				53CE7EF71E4E777E00774CB7 /* quickbasic.h */,
				53CE7EFB1E4E788700774CB7 /* location.hh */,
				53CE7EFC1E4E788700774CB7 /* position.hh */,
				53CE7EFD1E4E788700774CB7 /* stack.hh */,
				53CE7EEB1E4E451D00774CB7 /* quickbasic.lpp */,
				53CE7F151E4EC9EE00774CB7 /* quickbasic.hpp */,
				53CE7EEC1E4E451D00774CB7 /* quickbasic.ypp */,
			);
			path = Parser;
			sourceTree = "<group>";
		};
/* End PBXGroup section */

/* Begin PBXNativeTarget section */
		533AE4DC1E3CE895008910D4 /* rebuild */ = {
			isa = PBXNativeTarget;
			buildConfigurationList = 533AE4E41E3CE896008910D4 /* Build configuration list for PBXNativeTarget "rebuild" */;
			buildPhases = (
				533AE4D91E3CE895008910D4 /* Sources */,
				533AE4DA1E3CE895008910D4 /* Frameworks */,
				533AE4DB1E3CE895008910D4 /* CopyFiles */,
				53CE7EE51E4E430500774CB7 /* ShellScript */,
			);
			buildRules = (
			);
			dependencies = (
			);
			name = rebuild;
			productName = rebuild;
			productReference = 533AE4DD1E3CE896008910D4 /* rebuild */;
			productType = "com.apple.product-type.tool";
		};
/* End PBXNativeTarget section */

/* Begin PBXProject section */
		533AE4D51E3CE895008910D4 /* Project object */ = {
			isa = PBXProject;
			attributes = {
				LastUpgradeCheck = 0730;
				ORGANIZATIONNAME = self;
				TargetAttributes = {
					533AE4DC1E3CE895008910D4 = {
						CreatedOnToolsVersion = 7.3;
					};
				};
			};
			buildConfigurationList = 533AE4D81E3CE895008910D4 /* Build configuration list for PBXProject "rebuild" */;
			compatibilityVersion = "Xcode 3.2";
			developmentRegion = English;
			hasScannedForEncodings = 0;
			knownRegions = (
				en,
			);
			mainGroup = 533AE4D41E3CE895008910D4;
			productRefGroup = 533AE4DE1E3CE896008910D4 /* Products */;
			projectDirPath = "";
			projectRoot = "";
			targets = (
				533AE4DC1E3CE895008910D4 /* rebuild */,
			);
		};
/* End PBXProject section */

/* Begin PBXShellScriptBuildPhase section */
		53CE7EE51E4E430500774CB7 /* ShellScript */ = {
			isa = PBXShellScriptBuildPhase;
			buildActionMask = 2147483647;
			files = (
			);
			inputPaths = (
			);
			outputPaths = (
			);
			runOnlyForDeploymentPostprocessing = 0;
			shellPath = /bin/sh;
			shellScript = "";
		};
/* End PBXShellScriptBuildPhase section */

/* Begin PBXSourcesBuildPhase section */
		533AE4D91E3CE895008910D4 /* Sources */ = {
			isa = PBXSourcesBuildPhase;
			buildActionMask = 2147483647;
			files = (
				53CB858D1E403E8500E44564 /* lineNoiseWrapper.cpp in Sources */,
				533AE5021E3FB58B008910D4 /* linenoise.c in Sources */,
				53CE7EF41E4E770900774CB7 /* quickbasic.ypp in Sources */,
				53A1E3F21E4504870071C220 /* lineHistory.cpp in Sources */,
				535FF25D1E42EA2600EF0E51 /* StepProcessor.cpp in Sources */,
				53A1E3F51E45A0010071C220 /* BasicStepProccessor.cpp in Sources */,
				533AE4E11E3CE896008910D4 /* main.cpp in Sources */,
				53CB858A1E3FC04300E44564 /* Rebuild.cpp in Sources */,
				53CE7EF31E4E770500774CB7 /* quickbasic.lpp in Sources */,
			);
			runOnlyForDeploymentPostprocessing = 0;
		};
/* End PBXSourcesBuildPhase section */

/* Begin XCBuildConfiguration section */
		533AE4E21E3CE896008910D4 /* Debug */ = {
			isa = XCBuildConfiguration;
			buildSettings = {
				ALWAYS_SEARCH_USER_PATHS = NO;
				CLANG_ANALYZER_NONNULL = YES;
				CLANG_CXX_LANGUAGE_STANDARD = "gnu++0x";
				CLANG_CXX_LIBRARY = "libc++";
				CLANG_ENABLE_MODULES = YES;
				CLANG_ENABLE_OBJC_ARC = YES;
				CLANG_WARN_BOOL_CONVERSION = YES;
				CLANG_WARN_CONSTANT_CONVERSION = YES;
				CLANG_WARN_DIRECT_OBJC_ISA_USAGE = YES_ERROR;
				CLANG_WARN_EMPTY_BODY = YES;
				CLANG_WARN_ENUM_CONVERSION = YES;
				CLANG_WARN_INT_CONVERSION = YES;
				CLANG_WARN_OBJC_ROOT_CLASS = YES_ERROR;
				CLANG_WARN_UNREACHABLE_CODE = YES;
				CLANG_WARN__DUPLICATE_METHOD_MATCH = YES;
				CODE_SIGN_IDENTITY = "-";
				COPY_PHASE_STRIP = NO;
				DEBUG_INFORMATION_FORMAT = dwarf;
				ENABLE_STRICT_OBJC_MSGSEND = YES;
				ENABLE_TESTABILITY = YES;
				GCC_C_LANGUAGE_STANDARD = gnu99;
				GCC_DYNAMIC_NO_PIC = NO;
				GCC_NO_COMMON_BLOCKS = YES;
				GCC_OPTIMIZATION_LEVEL = 0;
				GCC_PREPROCESSOR_DEFINITIONS = (
					"DEBUG=1",
					"$(inherited)",
				);
				GCC_WARN_64_TO_32_BIT_CONVERSION = YES;
				GCC_WARN_ABOUT_RETURN_TYPE = YES_ERROR;
				GCC_WARN_UNDECLARED_SELECTOR = YES;
				GCC_WARN_UNINITIALIZED_AUTOS = YES_AGGRESSIVE;
				GCC_WARN_UNUSED_FUNCTION = YES;
				GCC_WARN_UNUSED_VARIABLE = YES;
				MACOSX_DEPLOYMENT_TARGET = 10.11;
				MTL_ENABLE_DEBUG_INFO = YES;
				ONLY_ACTIVE_ARCH = YES;
				SDKROOT = macosx;
			};
			name = Debug;
		};
		533AE4E31E3CE896008910D4 /* Release */ = {
			isa = XCBuildConfiguration;
			buildSettings = {
				ALWAYS_SEARCH_USER_PATHS = NO;
				CLANG_ANALYZER_NONNULL = YES;
				CLANG_CXX_LANGUAGE_STANDARD = "gnu++0x";
				CLANG_CXX_LIBRARY = "libc++";
				CLANG_ENABLE_MODULES = YES;
				CLANG_ENABLE_OBJC_ARC = YES;
				CLANG_WARN_BOOL_CONVERSION = YES;
				CLANG_WARN_CONSTANT_CONVERSION = YES;
				CLANG_WARN_DIRECT_OBJC_ISA_USAGE = YES_ERROR;
				CLANG_WARN_EMPTY_BODY = YES;
				CLANG_WARN_ENUM_CONVERSION = YES;
				CLANG_WARN_INT_CONVERSION = YES;
				CLANG_WARN_OBJC_ROOT_CLASS = YES_ERROR;
				CLANG_WARN_UNREACHABLE_CODE = YES;
				CLANG_WARN__DUPLICATE_METHOD_MATCH = YES;
				CODE_SIGN_IDENTITY = "-";
				COPY_PHASE_STRIP = NO;
				DEBUG_INFORMATION_FORMAT = "dwarf-with-dsym";
				ENABLE_NS_ASSERTIONS = NO;
				ENABLE_STRICT_OBJC_MSGSEND = YES;
				GCC_C_LANGUAGE_STANDARD = gnu99;
				GCC_NO_COMMON_BLOCKS = YES;
				GCC_WARN_64_TO_32_BIT_CONVERSION = YES;
				GCC_WARN_ABOUT_RETURN_TYPE = YES_ERROR;
				GCC_WARN_UNDECLARED_SELECTOR = YES;
				GCC_WARN_UNINITIALIZED_AUTOS = YES_AGGRESSIVE;
				GCC_WARN_UNUSED_FUNCTION = YES;
				GCC_WARN_UNUSED_VARIABLE = YES;
				MACOSX_DEPLOYMENT_TARGET = 10.11;
				MTL_ENABLE_DEBUG_INFO = NO;
				SDKROOT = macosx;
			};
			name = Release;
		};
		533AE4E51E3CE896008910D4 /* Debug */ = {
			isa = XCBuildConfiguration;
			buildSettings = {
				PRODUCT_NAME = "$(TARGET_NAME)";
				YACC_GENERATED_FILE_STEM = InputFileStem;
			};
			name = Debug;
		};
		533AE4E61E3CE896008910D4 /* Release */ = {
			isa = XCBuildConfiguration;
			buildSettings = {
				PRODUCT_NAME = "$(TARGET_NAME)";
				YACC_GENERATED_FILE_STEM = InputFileStem;
			};
			name = Release;
		};
/* End XCBuildConfiguration section */

/* Begin XCConfigurationList section */
		533AE4D81E3CE895008910D4 /* Build configuration list for PBXProject "rebuild" */ = {
			isa = XCConfigurationList;
			buildConfigurations = (
				533AE4E21E3CE896008910D4 /* Debug */,
				533AE4E31E3CE896008910D4 /* Release */,
			);
			defaultConfigurationIsVisible = 0;
			defaultConfigurationName = Release;
		};
		533AE4E41E3CE896008910D4 /* Build configuration list for PBXNativeTarget "rebuild" */ = {
			isa = XCConfigurationList;
			buildConfigurations = (
				533AE4E51E3CE896008910D4 /* Debug */,
				533AE4E61E3CE896008910D4 /* Release */,
			);
			defaultConfigurationIsVisible = 0;
			defaultConfigurationName = Release;
		};
/* End XCConfigurationList section */
	};
	rootObject = 533AE4D51E3CE895008910D4 /* Project object */;
}
